hash: 7bf593b956c700e6587f51395088e028837c54ee011eb7e7272d2d0800ab34df
updated: 2017-05-27T00:13:50.420830368-04:00
imports:
- name: github.com/garyburd/redigo
  version: 433969511232c397de61b1442f9fd49ec06ae9ba
  subpackages:
  - internal
  - redis
- name: github.com/gorilla/context
  version: 08b5f424b9271eedf6f9f0ce86cb9396ed337a42
- name: github.com/gorilla/securecookie
  version: 667fe4e3466a040b780561fe9b51a83a3753eefc
- name: github.com/gorilla/websocket
  version: 3ab3a8b8831546bd18fd182c20687ca853b2bb13
- name: github.com/lib/pq
  version: 2704adc878c21e1329f46f6e56a1c387d788ff94
- name: github.com/pressly/chi
  version: e6033ea75479391a4bce3918fc119cad31e1cb30
  subpackages:
  - middleware
- name: github.com/satori/go.uuid
  version: 879c5887cd475cd7864858769793b2ceb0d44feb
- name: golang.org/x/crypto
  version: 7e9105388ebff089b3f99f0ef676ea55a6da3a7e
  subpackages:
  - bcrypt
  - blowfish
testImports: []
